<?xml version="1.0" encoding="utf-8"?>
<Project ToolsVersion="4.0" xmlns="http://schemas.microsoft.com/developer/msbuild/2003">
  <ItemGroup>
    <ClCompile Include="main.cpp" />
    <ClCompile Include="$(MSBuildThisFileDirectory)..\..\lib\native\src\gtest\gtest-all.cc" />
    <ClCompile Include="$(MSBuildThisFileDirectory)..\..\lib\native\src\gmock\gmock-all.cc" />
    <ClCompile Include="test_script2_test.cpp">
      <Filter>테스트 파일</Filter>
    </ClCompile>
    <ClCompile Include="shell_read_test.cpp">
      <Filter>테스트 파일</Filter>
    </ClCompile>
    <ClCompile Include="shell_write_test.cpp">
      <Filter>테스트 파일</Filter>
    </ClCompile>
    <ClCompile Include="test_script2.cpp">
      <Filter>소스 파일</Filter>
    </ClCompile>
    <ClCompile Include="test_shell.cpp">
      <Filter>소스 파일</Filter>
    </ClCompile>
    <ClCompile Include="shell_read_test.cpp">
      <Filter>테스트 파일</Filter>
    </ClCompile>
    <ClCompile Include="test_script2.cpp">
      <Filter>소스 파일</Filter>
    </ClCompile>
    <ClCompile Include="test_script2_test.cpp">
      <Filter>테스트 파일</Filter>
    </ClCompile>
    <ClCompile Include="shell_write_test.cpp">
      <Filter>테스트 파일</Filter>
    </ClCompile>
    <ClCompile Include="shell_write_test.cpp">
      <Filter>테스트 파일</Filter>
    </ClCompile>
    <ClCompile Include="test_script3.cpp">
      <Filter>소스 파일</Filter>
    </ClCompile>
    <ClCompile Include="test_script3_test.cpp">
      <Filter>테스트 파일</Filter>
    </ClCompile>
  </ItemGroup>
  <ItemGroup>
    <ClInclude Include="ssd_interface.h">
      <Filter>헤더 파일</Filter>
    </ClInclude>
    <ClInclude Include="test_script2.h">
      <Filter>헤더 파일</Filter>
    </ClInclude>
    <ClInclude Include="test_script3.h">
      <Filter>헤더 파일</Filter>
    </ClInclude>
  </ItemGroup>
  <ItemGroup>
    <None Include="packages.config" />
  </ItemGroup>
  <ItemGroup>
    <Filter Include="테스트 파일">
      <UniqueIdentifier>{5d0fff6c-7db2-4efb-8db1-c8c74f10c254}</UniqueIdentifier>
    </Filter>
    <Filter Include="소스 파일">
      <UniqueIdentifier>{a7747bc3-6e75-4167-aed6-e291a8738ded}</UniqueIdentifier>
    </Filter>
    <Filter Include="헤더 파일">
      <UniqueIdentifier>{69072fcb-217a-4c01-8908-70ec15780bf8}</UniqueIdentifier>
    </Filter>
  </ItemGroup>
</Project>